
Microsoft Visual Studio Solution File, Format Version 12.00
# Visual Studio Version 17
VisualStudioVersion = 17.4.33403.182
MinimumVisualStudioVersion = 10.0.40219.1
Project("{FAE04EC0-301F-11D3-BF4B-00C04F79EFBC}") = "Mastermind", "Mastermind\Mastermind.csproj", "{5DA7D3BF-BB47-4A61-89CD-6D863E1740CE}"
EndProject
Global
	GlobalSection(SolutionConfigurationPlatforms) = preSolution
		Debug|Any CPU = Debug|Any CPU
		Release|Any CPU = Release|Any CPU
	EndGlobalSection
	GlobalSection(ProjectConfigurationPlatforms) = postSolution
		{5DA7D3BF-BB47-4A61-89CD-6D863E1740CE}.Debug|Any CPU.ActiveCfg = Debug|Any CPU
		{5DA7D3BF-BB47-4A61-89CD-6D863E1740CE}.Debug|Any CPU.Build.0 = Debug|Any CPU
		{5DA7D3BF-BB47-4A61-89CD-6D863E1740CE}.Release|Any CPU.ActiveCfg = Release|Any CPU
		{5DA7D3BF-BB47-4A61-89CD-6D863E1740CE}.Release|Any CPU.Build.0 = Release|Any CPU
	EndGlobalSection
	GlobalSection(SolutionProperties) = preSolution
		HideSolutionNode = FALSE
	EndGlobalSection
	GlobalSection(ExtensibilityGlobals) = postSolution
		SolutionGuid = {820871AC-2DD9-4040-A807-A9F4EA3B4D08}
	EndGlobalSection
EndGlobal
